github.com/PaesslerAG/gval v1.0.0 h1:GEKnRwkWDdf9dOmKcNrar9EA1bz1z9DqPIO1+iLzhd8=
github.com/PaesslerAG/gval v1.0.0/go.mod h1:y/nm5yEyTeX6av0OfKJNp9rBNj2XrGhAf5+v24IBN1I=
github.com/PaesslerAG/jsonpath v0.1.0/go.mod h1:4BzmtoM/PI8fPO4aQGIusjGxGir2BzcV0grWtFzq1Y8=
github.com/PaesslerAG/jsonpath v0.1.1 h1:c1/AToHQMVsduPAa4Vh6xp2U0evy4t8SWp8imEsylIk=
github.com/PaesslerAG/jsonpath v0.1.1/go.mod h1:lVboNxFGal/VwW6d9JzIy56bUsYAP6tH/x80vjnCseY=
github.com/alecthomas/assert/v2 v2.6.0 h1:o3WJwILtexrEUk3cUVal3oiQY2tfgr/FHWiz/v2n4FU=
github.com/alecthomas/assert/v2 v2.6.0/go.mod h1:Bze95FyfUr7x34QZrjL+XP+0qgp/zg8yS+TtBj1WA3k=
github.com/alecthomas/kong v0.9.0 h1:G5diXxc85KvoV2f0ZRVuMsi45IrBgx9zDNGNj165aPA=
github.com/alecthomas/kong v0.9.0/go.mod h1:Y47y5gKfHp1hDc7CH7OeXgLIpp+Q2m1Ni0L5s3bI8Os=
github.com/alecthomas/repr v0.4.0 h1:GhI2A8MACjfegCPVq9f1FLvIBS+DrQ2KQBFZP1iFzXc=
github.com/alecthomas/repr v0.4.0/go.mod h1:Fr0507jx4eOXV7AlPV6AVZLYrLIuIeSOWtW57eE/O/4=
github.com/davecgh/go-spew v1.1.1 h1:vj9j/u1bqnvCEfJOwUhtlOARqs3+rkHYY13jYWTU97c=
github.com/davecgh/go-spew v1.1.1/go.mod h1:J7Y8YcW2NihsgmVo/mv3lAwl/skON4iLHjSsI+c5H38=
github.com/decred/dcrd/crypto/blake256 v1.0.1 h1:7PltbUIQB7u/FfZ39+DGa/ShuMyJ5ilcvdfma9wOH6Y=
github.com/decred/dcrd/crypto/blake256 v1.0.1/go.mod h1:2OfgNZ5wDpcsFmHmCK5gZTPcCXqlm2ArzUIkw9czNJo=
github.com/decred/dcrd/dcrec/secp256k1/v4 v4.3.0 h1:rpfIENRNNilwHwZeG5+P150SMrnNEcHYvcCuK6dPZSg=
github.com/decred/dcrd/dcrec/secp256k1/v4 v4.3.0/go.mod h1:v57UDF4pDQJcEfFUCRop3lJL149eHGSe9Jvczhzjo/0=
github.com/google/uuid v1.6.0 h1:NIvaJDMOsjHA8n1jAhLSgzrAzy1Hgr+hNrb57e+94F0=
github.com/google/uuid v1.6.0/go.mod h1:TIyPZe4MgqvfeYDBFedMoGGpEw/LqOeaOT+nhxU+yHo=
github.com/hexops/gotextdiff v1.0.3 h1:gitA9+qJrrTCsiCl7+kh75nPqQt1cx4ZkudSTLoUqJM=
github.com/hexops/gotextdiff v1.0.3/go.mod h1:pSWU5MAI3yDq+fZBTazCSJysOMbxWL1BSow5/V2vxeg=
github.com/pmezard/go-difflib v1.0.0 h1:4DBwDE0NGyQoBHbLQYPwSUPoCMWR5BEzIk/f1lZbAQM=
github.com/pmezard/go-difflib v1.0.0/go.mod h1:iKH77koFhYxTK1pcRnkKkqfTogsbg7gZNVY4sRDYZ/4=
github.com/santhosh-tekuri/jsonschema/v5 v5.3.1 h1:lZUw3E0/J3roVtGQ+SCrUrg3ON6NgVqpn3+iol9aGu4=
github.com/santhosh-tekuri/jsonschema/v5 v5.3.1/go.mod h1:uToXkOrWAZ6/Oc07xWQrPOhJotwFIyu2bBVN41fcDUY=
github.com/stretchr/testify v1.9.0 h1:HtqpIVDClZ4nwg75+f6Lvsy/wHu+3BoSGCbBAcpTsTg=
github.com/stretchr/testify v1.9.0/go.mod h1:r2ic/lqez/lEtzL7wO/rwa5dbSLXVDPFyf8C91i36aY=
github.com/tv42/zbase32 v0.0.0-20220222190657-f76a9fc892fa h1:2EwhXkNkeMjX9iFYGWLPQLPhw9O58BhnYgtYKeqybcY=
github.com/tv42/zbase32 v0.0.0-20220222190657-f76a9fc892fa/go.mod h1:is48sjgBanWcA5CQrPBu9Y5yABY/T2awj/zI65bq704=
golang.org/x/net v0.27.0 h1:5K3Njcw06/l2y9vpGCSdcxWOYHOUk3dVNGDXN+FvAys=
golang.org/x/net v0.27.0/go.mod h1:dDi0PyhWNoiUOrAS8uXv/vnScO4wnHQO4mj9fn/RytE=
gopkg.in/check.v1 v0.0.0-20161208181325-20d25e280405 h1:yhCVgyC4o1eVCa2tZl7eS0r+SDo693bJlVdllGtEeKM=
gopkg.in/check.v1 v0.0.0-20161208181325-20d25e280405/go.mod h1:Co6ibVJAznAaIkqp8huTwlJQCZ016jof/cbN4VW5Yz0=
gopkg.in/yaml.v3 v3.0.1 h1:fxVm/GzAzEWqLHuvctI91KS9hhNmmWOoWu0XTYJS7CA=
gopkg.in/yaml.v3 v3.0.1/go.mod h1:K4uyk7z7BCEPqu6E+C64Yfv1cQ7kz7rIZviUmN+EgEM=
